{
  "name": "Phase-1-Independent-Project",
  "lockfileVersion": 3,
  "requires": true,
  "packages": {
    "": {
      "dependencies": {
        "cocktaildb": "^1.0.0"
      }
    },
    "node_modules/cocktaildb": {
      "version": "1.0.0",
      "resolved": "https://registry.npmjs.org/cocktaildb/-/cocktaildb-1.0.0.tgz",
      "integrity": "sha512-riPvu0gFWuQwFUUONqTKKKOQbmxf4qWX3bixE20OzYTOhjx7GocV8fjVF4mOsG5dNvRJyQqb9u6RX+araYNtew=="
    }
  }
}
